
Microsoft Visual Studio Solution File, Format Version 12.00
# Visual Studio Version 17
VisualStudioVersion = 17.7.34221.43
MinimumVisualStudioVersion = 10.0.40219.1
Project("{FAE04EC0-301F-11D3-BF4B-00C04F79EFBC}") = "WebApplication3", "WebApplication3.csproj", "{2EA732C3-36A8-4001-91A7-BA15B8C983E1}"
EndProject
Global
	GlobalSection(SolutionConfigurationPlatforms) = preSolution
		Debug|Any CPU = Debug|Any CPU
		Release|Any CPU = Release|Any CPU
	EndGlobalSection
	GlobalSection(ProjectConfigurationPlatforms) = postSolution
		{2EA732C3-36A8-4001-91A7-BA15B8C983E1}.Debug|Any CPU.ActiveCfg = Debug|Any CPU
		{2EA732C3-36A8-4001-91A7-BA15B8C983E1}.Debug|Any CPU.Build.0 = Debug|Any CPU
		{2EA732C3-36A8-4001-91A7-BA15B8C983E1}.Release|Any CPU.ActiveCfg = Release|Any CPU
		{2EA732C3-36A8-4001-91A7-BA15B8C983E1}.Release|Any CPU.Build.0 = Release|Any CPU
	EndGlobalSection
	GlobalSection(SolutionProperties) = preSolution
		HideSolutionNode = FALSE
	EndGlobalSection
	GlobalSection(ExtensibilityGlobals) = postSolution
		SolutionGuid = {73995A78-2693-4740-9EF8-12CFAD4FAC6F}
	EndGlobalSection
EndGlobal
